{
  "requires": true,
  "lockfileVersion": 1,
  "dependencies": {
    "@types/fhir": {
      "version": "3.0.2",
      "resolved": "https://registry.npmjs.org/@types/fhir/-/fhir-3.0.2.tgz",
      "integrity": "sha512-KAitbuU6oXZdtd74dDqS3si5ZbXBnoC/8/p20jDtsZ3vg1XObUWSh8UH8VnN5u3B6DZ7Xt9R4Doqd4hK1fYrPQ==",
      "dev": true
    },
    "@types/invariant": {
      "version": "2.2.34",
      "resolved": "https://registry.npmjs.org/@types/invariant/-/invariant-2.2.34.tgz",
      "integrity": "sha512-lYUtmJ9BqUN688fGY1U1HZoWT1/Jrmgigx2loq4ZcJpICECm/Om3V314BxdzypO0u5PORKGMM6x0OXaljV1YFg=="
    }
  }
}
